
Microsoft Visual Studio Solution File, Format Version 12.00
# Visual Studio Version 16
VisualStudioVersion = 16.0.31105.61
MinimumVisualStudioVersion = 10.0.40219.1
Project("{FAE04EC0-301F-11D3-BF4B-00C04F79EFBC}") = "Rocky1", "Rocky1\Rocky1.csproj", "{25390F36-5501-4008-9BC4-C5C1DC02FBD1}"
EndProject
Global
	GlobalSection(SolutionConfigurationPlatforms) = preSolution
		Debug|Any CPU = Debug|Any CPU
		Release|Any CPU = Release|Any CPU
	EndGlobalSection
	GlobalSection(ProjectConfigurationPlatforms) = postSolution
		{25390F36-5501-4008-9BC4-C5C1DC02FBD1}.Debug|Any CPU.ActiveCfg = Debug|Any CPU
		{25390F36-5501-4008-9BC4-C5C1DC02FBD1}.Debug|Any CPU.Build.0 = Debug|Any CPU
		{25390F36-5501-4008-9BC4-C5C1DC02FBD1}.Release|Any CPU.ActiveCfg = Release|Any CPU
		{25390F36-5501-4008-9BC4-C5C1DC02FBD1}.Release|Any CPU.Build.0 = Release|Any CPU
	EndGlobalSection
	GlobalSection(SolutionProperties) = preSolution
		HideSolutionNode = FALSE
	EndGlobalSection
	GlobalSection(ExtensibilityGlobals) = postSolution
		SolutionGuid = {BBCCA974-68A1-4043-A32B-9DD892F2F11D}
	EndGlobalSection
EndGlobal
